// !$*UTF8*$!
{
	archiveVersion = 1;
	classes = {
	};
	objectVersion = 50;
	objects = {

/* Begin PBXBuildFile section */
		7E4C74C025EAF87E000DA3AF /* ColorSchemeApp.swift in Sources */ = {isa = PBXBuildFile; fileRef = 7E4C74AD25EAF87D000DA3AF /* ColorSchemeApp.swift */; };
		7E4C74C125EAF87E000DA3AF /* ColorSchemeApp.swift in Sources */ = {isa = PBXBuildFile; fileRef = 7E4C74AD25EAF87D000DA3AF /* ColorSchemeApp.swift */; };
		7E4C74C225EAF87E000DA3AF /* ContentView.swift in Sources */ = {isa = PBXBuildFile; fileRef = 7E4C74AE25EAF87D000DA3AF /* ContentView.swift */; };
		7E4C74C325EAF87E000DA3AF /* ContentView.swift in Sources */ = {isa = PBXBuildFile; fileRef = 7E4C74AE25EAF87D000DA3AF /* ContentView.swift */; };
		7E4C74C425EAF87E000DA3AF /* Assets.xcassets in Resources */ = {isa = PBXBuildFile; fileRef = 7E4C74AF25EAF87E000DA3AF /* Assets.xcassets */; };
		7E4C74C525EAF87E000DA3AF /* Assets.xcassets in Resources */ = {isa = PBXBuildFile; fileRef = 7E4C74AF25EAF87E000DA3AF /* Assets.xcassets */; };
/* End PBXBuildFile section */

/* Begin PBXFileReference section */
		7E4C74AD25EAF87D000DA3AF /* ColorSchemeApp.swift */ = {isa = PBXFileReference; lastKnownFileType = sourcecode.swift; path = ColorSchemeApp.swift; sourceTree = "<group>"; };
		7E4C74AE25EAF87D000DA3AF /* ContentView.swift */ = {isa = PBXFileReference; lastKnownFileType = sourcecode.swift; path = ContentView.swift; sourceTree = "<group>"; };
		7E4C74AF25EAF87E000DA3AF /* Assets.xcassets */ = {isa = PBXFileReference; lastKnownFileType = folder.assetcatalog; path = Assets.xcassets; sourceTree = "<group>"; };
		7E4C74B425EAF87E000DA3AF /* ColorScheme.app */ = {isa = PBXFileReference; explicitFileType = wrapper.application; includeInIndex = 0; path = ColorScheme.app; sourceTree = BUILT_PRODUCTS_DIR; };
		7E4C74B725EAF87E000DA3AF /* Info.plist */ = {isa = PBXFileReference; lastKnownFileType = text.plist.xml; path = Info.plist; sourceTree = "<group>"; };
		7E4C74BC25EAF87E000DA3AF /* ColorScheme.app */ = {isa = PBXFileReference; explicitFileType = wrapper.application; includeInIndex = 0; path = ColorScheme.app; sourceTree = BUILT_PRODUCTS_DIR; };
		7E4C74BE25EAF87E000DA3AF /* Info.plist */ = {isa = PBXFileReference; lastKnownFileType = text.plist.xml; path = Info.plist; sourceTree = "<group>"; };
		7E4C74BF25EAF87E000DA3AF /* macOS.entitlements */ = {isa = PBXFileReference; lastKnownFileType = text.plist.entitlements; path = macOS.entitlements; sourceTree = "<group>"; };
/* End PBXFileReference section */

/* Begin PBXFrameworksBuildPhase section */
		7E4C74B125EAF87E000DA3AF /* Frameworks */ = {
			isa = PBXFrameworksBuildPhase;
			buildActionMask = 2147483647;
			files = (
			);
			runOnlyForDeploymentPostprocessing = 0;
		};
		7E4C74B925EAF87E000DA3AF /* Frameworks */ = {
			isa = PBXFrameworksBuildPhase;
			buildActionMask = 2147483647;
			files = (
			);
			runOnlyForDeploymentPostprocessing = 0;
		};
/* End PBXFrameworksBuildPhase section */

/* Begin PBXGroup section */
		7E4C74A725EAF87D000DA3AF = {
			isa = PBXGroup;
			children = (
				7E4C74AC25EAF87D000DA3AF /* Shared */,
				7E4C74B625EAF87E000DA3AF /* iOS */,
				7E4C74BD25EAF87E000DA3AF /* macOS */,
				7E4C74B525EAF87E000DA3AF /* Products */,
			);
			sourceTree = "<group>";
		};
		7E4C74AC25EAF87D000DA3AF /* Shared */ = {
			isa = PBXGroup;
			children = (
				7E4C74AD25EAF87D000DA3AF /* ColorSchemeApp.swift */,
				7E4C74AE25EAF87D000DA3AF /* ContentView.swift */,
				7E4C74AF25EAF87E000DA3AF /* Assets.xcassets */,
			);
			path = Shared;
			sourceTree = "<group>";
		};
		7E4C74B525EAF87E000DA3AF /* Products */ = {
			isa = PBXGroup;
			children = (
				7E4C74B425EAF87E000DA3AF /* ColorScheme.app */,
				7E4C74BC25EAF87E000DA3AF /* ColorScheme.app */,
			);
			name = Products;
			sourceTree = "<group>";
		};
		7E4C74B625EAF87E000DA3AF /* iOS */ = {
			isa = PBXGroup;
			children = (
				7E4C74B725EAF87E000DA3AF /* Info.plist */,
			);
			path = iOS;
			sourceTree = "<group>";
		};
		7E4C74BD25EAF87E000DA3AF /* macOS */ = {
			isa = PBXGroup;
			children = (
				7E4C74BE25EAF87E000DA3AF /* Info.plist */,
				7E4C74BF25EAF87E000DA3AF /* macOS.entitlements */,
			);
			path = macOS;
			sourceTree = "<group>";
		};
/* End PBXGroup section */

/* Begin PBXNativeTarget section */
		7E4C74B325EAF87E000DA3AF /* ColorScheme (iOS) */ = {
			isa = PBXNativeTarget;
			buildConfigurationList = 7E4C74C825EAF87E000DA3AF /* Build configuration list for PBXNativeTarget "ColorScheme (iOS)" */;
			buildPhases = (
				7E4C74B025EAF87E000DA3AF /* Sources */,
				7E4C74B125EAF87E000DA3AF /* Frameworks */,
				7E4C74B225EAF87E000DA3AF /* Resources */,
			);
			buildRules = (
			);
			dependencies = (
			);
			name = "ColorScheme (iOS)";
			productName = "ColorScheme (iOS)";
			productReference = 7E4C74B425EAF87E000DA3AF /* ColorScheme.app */;
			productType = "com.apple.product-type.application";
		};
		7E4C74BB25EAF87E000DA3AF /* ColorScheme (macOS) */ = {
			isa = PBXNativeTarget;
			buildConfigurationList = 7E4C74CB25EAF87E000DA3AF /* Build configuration list for PBXNativeTarget "ColorScheme (macOS)" */;
			buildPhases = (
				7E4C74B825EAF87E000DA3AF /* Sources */,
				7E4C74B925EAF87E000DA3AF /* Frameworks */,
				7E4C74BA25EAF87E000DA3AF /* Resources */,
			);
			buildRules = (
			);
			dependencies = (
			);
			name = "ColorScheme (macOS)";
			productName = "ColorScheme (macOS)";
			productReference = 7E4C74BC25EAF87E000DA3AF /* ColorScheme.app */;
			productType = "com.apple.product-type.application";
		};
/* End PBXNativeTarget section */

/* Begin PBXProject section */
		7E4C74A825EAF87D000DA3AF /* Project object */ = {
			isa = PBXProject;
			attributes = {
				LastSwiftUpdateCheck = 1240;
				LastUpgradeCheck = 1240;
				TargetAttributes = {
					7E4C74B325EAF87E000DA3AF = {
						CreatedOnToolsVersion = 12.4;
					};
					7E4C74BB25EAF87E000DA3AF = {
						CreatedOnToolsVersion = 12.4;
					};
				};
			};
			buildConfigurationList = 7E4C74AB25EAF87D000DA3AF /* Build configuration list for PBXProject "ColorScheme" */;
			compatibilityVersion = "Xcode 9.3";
			developmentRegion = en;
			hasScannedForEncodings = 0;
			knownRegions = (
				en,
				Base,
			);
			mainGroup = 7E4C74A725EAF87D000DA3AF;
			productRefGroup = 7E4C74B525EAF87E000DA3AF /* Products */;
			projectDirPath = "";
			projectRoot = "";
			targets = (
				7E4C74B325EAF87E000DA3AF /* ColorScheme (iOS) */,
				7E4C74BB25EAF87E000DA3AF /* ColorScheme (macOS) */,
			);
		};
/* End PBXProject section */

/* Begin PBXResourcesBuildPhase section */
		7E4C74B225EAF87E000DA3AF /* Resources */ = {
			isa = PBXResourcesBuildPhase;
			buildActionMask = 2147483647;
			files = (
				7E4C74C425EAF87E000DA3AF /* Assets.xcassets in Resources */,
			);
			runOnlyForDeploymentPostprocessing = 0;
		};
		7E4C74BA25EAF87E000DA3AF /* Resources */ = {
			isa = PBXResourcesBuildPhase;
			buildActionMask = 2147483647;
			files = (
				7E4C74C525EAF87E000DA3AF /* Assets.xcassets in Resources */,
			);
			runOnlyForDeploymentPostprocessing = 0;
		};
/* End PBXResourcesBuildPhase section */

/* Begin PBXSourcesBuildPhase section */
		7E4C74B025EAF87E000DA3AF /* Sources */ = {
			isa = PBXSourcesBuildPhase;
			buildActionMask = 2147483647;
			files = (
				7E4C74C225EAF87E000DA3AF /* ContentView.swift in Sources */,
				7E4C74C025EAF87E000DA3AF /* ColorSchemeApp.swift in Sources */,
			);
			runOnlyForDeploymentPostprocessing = 0;
		};
		7E4C74B825EAF87E000DA3AF /* Sources */ = {
			isa = PBXSourcesBuildPhase;
			buildActionMask = 2147483647;
			files = (
				7E4C74C325EAF87E000DA3AF /* ContentView.swift in Sources */,
				7E4C74C125EAF87E000DA3AF /* ColorSchemeApp.swift in Sources */,
			);
			runOnlyForDeploymentPostprocessing = 0;
		};
/* End PBXSourcesBuildPhase section */

/* Begin XCBuildConfiguration section */
		7E4C74C625EAF87E000DA3AF /* Debug */ = {
			isa = XCBuildConfiguration;
			buildSettings = {
				ALWAYS_SEARCH_USER_PATHS = NO;
				CLANG_ANALYZER_NONNULL = YES;
				CLANG_ANALYZER_NUMBER_OBJECT_CONVERSION = YES_AGGRESSIVE;
				CLANG_CXX_LANGUAGE_STANDARD = "gnu++14";
				CLANG_CXX_LIBRARY = "libc++";
				CLANG_ENABLE_MODULES = YES;
				CLANG_ENABLE_OBJC_ARC = YES;
				CLANG_ENABLE_OBJC_WEAK = YES;
				CLANG_WARN_BLOCK_CAPTURE_AUTORELEASING = YES;
				CLANG_WARN_BOOL_CONVERSION = YES;
				CLANG_WARN_COMMA = YES;
				CLANG_WARN_CONSTANT_CONVERSION = YES;
				CLANG_WARN_DEPRECATED_OBJC_IMPLEMENTATIONS = YES;
				CLANG_WARN_DIRECT_OBJC_ISA_USAGE = YES_ERROR;
				CLANG_WARN_DOCUMENTATION_COMMENTS = YES;
				CLANG_WARN_EMPTY_BODY = YES;
				CLANG_WARN_ENUM_CONVERSION = YES;
				CLANG_WARN_INFINITE_RECURSION = YES;
				CLANG_WARN_INT_CONVERSION = YES;
				CLANG_WARN_NON_LITERAL_NULL_CONVERSION = YES;
				CLANG_WARN_OBJC_IMPLICIT_RETAIN_SELF = YES;
				CLANG_WARN_OBJC_LITERAL_CONVERSION = YES;
				CLANG_WARN_OBJC_ROOT_CLASS = YES_ERROR;
				CLANG_WARN_QUOTED_INCLUDE_IN_FRAMEWORK_HEADER = YES;
				CLANG_WARN_RANGE_LOOP_ANALYSIS = YES;
				CLANG_WARN_STRICT_PROTOTYPES = YES;
				CLANG_WARN_SUSPICIOUS_MOVE = YES;
				CLANG_WARN_UNGUARDED_AVAILABILITY = YES_AGGRESSIVE;
				CLANG_WARN_UNREACHABLE_CODE = YES;
				CLANG_WARN__DUPLICATE_METHOD_MATCH = YES;
				COPY_PHASE_STRIP = NO;
				DEBUG_INFORMATION_FORMAT = dwarf;
				ENABLE_STRICT_OBJC_MSGSEND = YES;
				ENABLE_TESTABILITY = YES;
				GCC_C_LANGUAGE_STANDARD = gnu11;
				GCC_DYNAMIC_NO_PIC = NO;
				GCC_NO_COMMON_BLOCKS = YES;
				GCC_OPTIMIZATION_LEVEL = 0;
				GCC_PREPROCESSOR_DEFINITIONS = (
					"DEBUG=1",
					"$(inherited)",
				);
				GCC_WARN_64_TO_32_BIT_CONVERSION = YES;
				GCC_WARN_ABOUT_RETURN_TYPE = YES_ERROR;
				GCC_WARN_UNDECLARED_SELECTOR = YES;
				GCC_WARN_UNINITIALIZED_AUTOS = YES_AGGRESSIVE;
				GCC_WARN_UNUSED_FUNCTION = YES;
				GCC_WARN_UNUSED_VARIABLE = YES;
				MTL_ENABLE_DEBUG_INFO = INCLUDE_SOURCE;
				MTL_FAST_MATH = YES;
				ONLY_ACTIVE_ARCH = YES;
				SWIFT_ACTIVE_COMPILATION_CONDITIONS = DEBUG;
				SWIFT_OPTIMIZATION_LEVEL = "-Onone";
			};
			name = Debug;
		};
		7E4C74C725EAF87E000DA3AF /* Release */ = {
			isa = XCBuildConfiguration;
			buildSettings = {
				ALWAYS_SEARCH_USER_PATHS = NO;
				CLANG_ANALYZER_NONNULL = YES;
				CLANG_ANALYZER_NUMBER_OBJECT_CONVERSION = YES_AGGRESSIVE;
				CLANG_CXX_LANGUAGE_STANDARD = "gnu++14";
				CLANG_CXX_LIBRARY = "libc++";
				CLANG_ENABLE_MODULES = YES;
				CLANG_ENABLE_OBJC_ARC = YES;
				CLANG_ENABLE_OBJC_WEAK = YES;
				CLANG_WARN_BLOCK_CAPTURE_AUTORELEASING = YES;
				CLANG_WARN_BOOL_CONVERSION = YES;
				CLANG_WARN_COMMA = YES;
				CLANG_WARN_CONSTANT_CONVERSION = YES;
				CLANG_WARN_DEPRECATED_OBJC_IMPLEMENTATIONS = YES;
				CLANG_WARN_DIRECT_OBJC_ISA_USAGE = YES_ERROR;
				CLANG_WARN_DOCUMENTATION_COMMENTS = YES;
				CLANG_WARN_EMPTY_BODY = YES;
				CLANG_WARN_ENUM_CONVERSION = YES;
				CLANG_WARN_INFINITE_RECURSION = YES;
				CLANG_WARN_INT_CONVERSION = YES;
				CLANG_WARN_NON_LITERAL_NULL_CONVERSION = YES;
				CLANG_WARN_OBJC_IMPLICIT_RETAIN_SELF = YES;
				CLANG_WARN_OBJC_LITERAL_CONVERSION = YES;
				CLANG_WARN_OBJC_ROOT_CLASS = YES_ERROR;
				CLANG_WARN_QUOTED_INCLUDE_IN_FRAMEWORK_HEADER = YES;
				CLANG_WARN_RANGE_LOOP_ANALYSIS = YES;
				CLANG_WARN_STRICT_PROTOTYPES = YES;
				CLANG_WARN_SUSPICIOUS_MOVE = YES;
				CLANG_WARN_UNGUARDED_AVAILABILITY = YES_AGGRESSIVE;
				CLANG_WARN_UNREACHABLE_CODE = YES;
				CLANG_WARN__DUPLICATE_METHOD_MATCH = YES;
				COPY_PHASE_STRIP = NO;
				DEBUG_INFORMATION_FORMAT = "dwarf-with-dsym";
				ENABLE_NS_ASSERTIONS = NO;
				ENABLE_STRICT_OBJC_MSGSEND = YES;
				GCC_C_LANGUAGE_STANDARD = gnu11;
				GCC_NO_COMMON_BLOCKS = YES;
				GCC_WARN_64_TO_32_BIT_CONVERSION = YES;
				GCC_WARN_ABOUT_RETURN_TYPE = YES_ERROR;
				GCC_WARN_UNDECLARED_SELECTOR = YES;
				GCC_WARN_UNINITIALIZED_AUTOS = YES_AGGRESSIVE;
				GCC_WARN_UNUSED_FUNCTION = YES;
				GCC_WARN_UNUSED_VARIABLE = YES;
				MTL_ENABLE_DEBUG_INFO = NO;
				MTL_FAST_MATH = YES;
				SWIFT_COMPILATION_MODE = wholemodule;
				SWIFT_OPTIMIZATION_LEVEL = "-O";
			};
			name = Release;
		};
		7E4C74C925EAF87E000DA3AF /* Debug */ = {
			isa = XCBuildConfiguration;
			buildSettings = {
				ASSETCATALOG_COMPILER_APPICON_NAME = AppIcon;
				ASSETCATALOG_COMPILER_GLOBAL_ACCENT_COLOR_NAME = AccentColor;
				CODE_SIGN_STYLE = Automatic;
				DEVELOPMENT_TEAM = VX5CR539N9;
				ENABLE_PREVIEWS = YES;
				INFOPLIST_FILE = iOS/Info.plist;
				IPHONEOS_DEPLOYMENT_TARGET = 14.0;
				LD_RUNPATH_SEARCH_PATHS = (
					"$(inherited)",
					"@executable_path/Frameworks",
				);
				PRODUCT_BUNDLE_IDENTIFIER = Thorskjold.ColorScheme;
				PRODUCT_NAME = ColorScheme;
				SDKROOT = iphoneos;
				SWIFT_VERSION = 5.0;
				TARGETED_DEVICE_FAMILY = "1,2";
			};
			name = Debug;
		};
		7E4C74CA25EAF87E000DA3AF /* Release */ = {
			isa = XCBuildConfiguration;
			buildSettings = {
				ASSETCATALOG_COMPILER_APPICON_NAME = AppIcon;
				ASSETCATALOG_COMPILER_GLOBAL_ACCENT_COLOR_NAME = AccentColor;
				CODE_SIGN_STYLE = Automatic;
				DEVELOPMENT_TEAM = VX5CR539N9;
				ENABLE_PREVIEWS = YES;
				INFOPLIST_FILE = iOS/Info.plist;
				IPHONEOS_DEPLOYMENT_TARGET = 14.0;
				LD_RUNPATH_SEARCH_PATHS = (
					"$(inherited)",
					"@executable_path/Frameworks",
				);
				PRODUCT_BUNDLE_IDENTIFIER = Thorskjold.ColorScheme;
				PRODUCT_NAME = ColorScheme;
				SDKROOT = iphoneos;
				SWIFT_VERSION = 5.0;
				TARGETED_DEVICE_FAMILY = "1,2";
				VALIDATE_PRODUCT = YES;
			};
			name = Release;
		};
		7E4C74CC25EAF87E000DA3AF /* Debug */ = {
			isa = XCBuildConfiguration;
			buildSettings = {
				ASSETCATALOG_COMPILER_APPICON_NAME = AppIcon;
				ASSETCATALOG_COMPILER_GLOBAL_ACCENT_COLOR_NAME = AccentColor;
				CODE_SIGN_ENTITLEMENTS = macOS/macOS.entitlements;
				CODE_SIGN_STYLE = Automatic;
				COMBINE_HIDPI_IMAGES = YES;
				DEVELOPMENT_TEAM = VX5CR539N9;
				ENABLE_HARDENED_RUNTIME = YES;
				ENABLE_PREVIEWS = YES;
				INFOPLIST_FILE = macOS/Info.plist;
				LD_RUNPATH_SEARCH_PATHS = (
					"$(inherited)",
					"@executable_path/../Frameworks",
				);
				MACOSX_DEPLOYMENT_TARGET = 11.0;
				PRODUCT_BUNDLE_IDENTIFIER = Thorskjold.ColorScheme;
				PRODUCT_NAME = ColorScheme;
				SDKROOT = macosx;
				SWIFT_VERSION = 5.0;
			};
			name = Debug;
		};
		7E4C74CD25EAF87E000DA3AF /* Release */ = {
			isa = XCBuildConfiguration;
			buildSettings = {
				ASSETCATALOG_COMPILER_APPICON_NAME = AppIcon;
				ASSETCATALOG_COMPILER_GLOBAL_ACCENT_COLOR_NAME = AccentColor;
				CODE_SIGN_ENTITLEMENTS = macOS/macOS.entitlements;
				CODE_SIGN_STYLE = Automatic;
				COMBINE_HIDPI_IMAGES = YES;
				DEVELOPMENT_TEAM = VX5CR539N9;
				ENABLE_HARDENED_RUNTIME = YES;
				ENABLE_PREVIEWS = YES;
				INFOPLIST_FILE = macOS/Info.plist;
				LD_RUNPATH_SEARCH_PATHS = (
					"$(inherited)",
					"@executable_path/../Frameworks",
				);
				MACOSX_DEPLOYMENT_TARGET = 11.0;
				PRODUCT_BUNDLE_IDENTIFIER = Thorskjold.ColorScheme;
				PRODUCT_NAME = ColorScheme;
				SDKROOT = macosx;
				SWIFT_VERSION = 5.0;
			};
			name = Release;
		};
/* End XCBuildConfiguration section */

/* Begin XCConfigurationList section */
		7E4C74AB25EAF87D000DA3AF /* Build configuration list for PBXProject "ColorScheme" */ = {
			isa = XCConfigurationList;
			buildConfigurations = (
				7E4C74C625EAF87E000DA3AF /* Debug */,
				7E4C74C725EAF87E000DA3AF /* Release */,
			);
			defaultConfigurationIsVisible = 0;
			defaultConfigurationName = Release;
		};
		7E4C74C825EAF87E000DA3AF /* Build configuration list for PBXNativeTarget "ColorScheme (iOS)" */ = {
			isa = XCConfigurationList;
			buildConfigurations = (
				7E4C74C925EAF87E000DA3AF /* Debug */,
				7E4C74CA25EAF87E000DA3AF /* Release */,
			);
			defaultConfigurationIsVisible = 0;
			defaultConfigurationName = Release;
		};
		7E4C74CB25EAF87E000DA3AF /* Build configuration list for PBXNativeTarget "ColorScheme (macOS)" */ = {
			isa = XCConfigurationList;
			buildConfigurations = (
				7E4C74CC25EAF87E000DA3AF /* Debug */,
				7E4C74CD25EAF87E000DA3AF /* Release */,
			);
			defaultConfigurationIsVisible = 0;
			defaultConfigurationName = Release;
		};
/* End XCConfigurationList section */
	};
	rootObject = 7E4C74A825EAF87D000DA3AF /* Project object */;
}
